// !$*UTF8*$!
{
	archiveVersion = 1;
	classes = {
	};
	objectVersion = 46;
	objects = {

/* Begin PBXBuildFile section */
		EAF33CCE1BF8FF5E00A177B5 /* AppDelegate.swift in Sources */ = {isa = PBXBuildFile; fileRef = EAF33CCD1BF8FF5E00A177B5 /* AppDelegate.swift */; };
		EAF33CD01BF8FF5E00A177B5 /* ViewController.swift in Sources */ = {isa = PBXBuildFile; fileRef = EAF33CCF1BF8FF5E00A177B5 /* ViewController.swift */; };
		EAF33CD31BF8FF5E00A177B5 /* Main.storyboard in Resources */ = {isa = PBXBuildFile; fileRef = EAF33CD11BF8FF5E00A177B5 /* Main.storyboard */; };
		EAF33CD51BF8FF5E00A177B5 /* Assets.xcassets in Resources */ = {isa = PBXBuildFile; fileRef = EAF33CD41BF8FF5E00A177B5 /* Assets.xcassets */; };
		EAF33CD81BF8FF5E00A177B5 /* LaunchScreen.storyboard in Resources */ = {isa = PBXBuildFile; fileRef = EAF33CD61BF8FF5E00A177B5 /* LaunchScreen.storyboard */; };
		EAF33CE01BF9079500A177B5 /* RGBAImage.swift in Sources */ = {isa = PBXBuildFile; fileRef = EAF33CDF1BF9079500A177B5 /* RGBAImage.swift */; };
/* End PBXBuildFile section */

/* Begin PBXFileReference section */
		EAF33CCA1BF8FF5E00A177B5 /* C-Filterer.app */ = {isa = PBXFileReference; explicitFileType = wrapper.application; includeInIndex = 0; path = "C-Filterer.app"; sourceTree = BUILT_PRODUCTS_DIR; };
		EAF33CCD1BF8FF5E00A177B5 /* AppDelegate.swift */ = {isa = PBXFileReference; lastKnownFileType = sourcecode.swift; path = AppDelegate.swift; sourceTree = "<group>"; };
		EAF33CCF1BF8FF5E00A177B5 /* ViewController.swift */ = {isa = PBXFileReference; lastKnownFileType = sourcecode.swift; path = ViewController.swift; sourceTree = "<group>"; };
		EAF33CD21BF8FF5E00A177B5 /* Base */ = {isa = PBXFileReference; lastKnownFileType = file.storyboard; name = Base; path = Base.lproj/Main.storyboard; sourceTree = "<group>"; };
		EAF33CD41BF8FF5E00A177B5 /* Assets.xcassets */ = {isa = PBXFileReference; lastKnownFileType = folder.assetcatalog; path = Assets.xcassets; sourceTree = "<group>"; };
		EAF33CD71BF8FF5E00A177B5 /* Base */ = {isa = PBXFileReference; lastKnownFileType = file.storyboard; name = Base; path = Base.lproj/LaunchScreen.storyboard; sourceTree = "<group>"; };
		EAF33CD91BF8FF5E00A177B5 /* Info.plist */ = {isa = PBXFileReference; lastKnownFileType = text.plist.xml; path = Info.plist; sourceTree = "<group>"; };
		EAF33CDF1BF9079500A177B5 /* RGBAImage.swift */ = {isa = PBXFileReference; fileEncoding = 4; lastKnownFileType = sourcecode.swift; path = RGBAImage.swift; sourceTree = "<group>"; };
/* End PBXFileReference section */

/* Begin PBXFrameworksBuildPhase section */
		EAF33CC71BF8FF5E00A177B5 /* Frameworks */ = {
			isa = PBXFrameworksBuildPhase;
			buildActionMask = 2147483647;
			files = (
			);
			runOnlyForDeploymentPostprocessing = 0;
		};
/* End PBXFrameworksBuildPhase section */

/* Begin PBXGroup section */
		EAF33CC11BF8FF5E00A177B5 = {
			isa = PBXGroup;
			children = (
				EAF33CCC1BF8FF5E00A177B5 /* C-Filterer */,
				EAF33CCB1BF8FF5E00A177B5 /* Products */,
			);
			sourceTree = "<group>";
		};
		EAF33CCB1BF8FF5E00A177B5 /* Products */ = {
			isa = PBXGroup;
			children = (
				EAF33CCA1BF8FF5E00A177B5 /* C-Filterer.app */,
			);
			name = Products;
			sourceTree = "<group>";
		};
		EAF33CCC1BF8FF5E00A177B5 /* C-Filterer */ = {
			isa = PBXGroup;
			children = (
				EAF33CCD1BF8FF5E00A177B5 /* AppDelegate.swift */,
				EAF33CDF1BF9079500A177B5 /* RGBAImage.swift */,
				EAF33CCF1BF8FF5E00A177B5 /* ViewController.swift */,
				EAF33CD11BF8FF5E00A177B5 /* Main.storyboard */,
				EAF33CD41BF8FF5E00A177B5 /* Assets.xcassets */,
				EAF33CD61BF8FF5E00A177B5 /* LaunchScreen.storyboard */,
				EAF33CD91BF8FF5E00A177B5 /* Info.plist */,
			);
			path = "C-Filterer";
			sourceTree = "<group>";
		};
/* End PBXGroup section */

/* Begin PBXNativeTarget section */
		EAF33CC91BF8FF5E00A177B5 /* C-Filterer */ = {
			isa = PBXNativeTarget;
			buildConfigurationList = EAF33CDC1BF8FF5E00A177B5 /* Build configuration list for PBXNativeTarget "C-Filterer" */;
			buildPhases = (
				EAF33CC61BF8FF5E00A177B5 /* Sources */,
				EAF33CC71BF8FF5E00A177B5 /* Frameworks */,
				EAF33CC81BF8FF5E00A177B5 /* Resources */,
			);
			buildRules = (
			);
			dependencies = (
			);
			name = "C-Filterer";
			productName = "C-Filterer";
			productReference = EAF33CCA1BF8FF5E00A177B5 /* C-Filterer.app */;
			productType = "com.apple.product-type.application";
		};
/* End PBXNativeTarget section */

/* Begin PBXProject section */
		EAF33CC21BF8FF5E00A177B5 /* Project object */ = {
			isa = PBXProject;
			attributes = {
				LastSwiftUpdateCheck = 0710;
				LastUpgradeCheck = 0710;
				ORGANIZATIONNAME = Kwan;
				TargetAttributes = {
					EAF33CC91BF8FF5E00A177B5 = {
						CreatedOnToolsVersion = 7.1.1;
						DevelopmentTeam = UG88X33WHR;
					};
				};
			};
			buildConfigurationList = EAF33CC51BF8FF5E00A177B5 /* Build configuration list for PBXProject "C-Filterer" */;
			compatibilityVersion = "Xcode 3.2";
			developmentRegion = English;
			hasScannedForEncodings = 0;
			knownRegions = (
				en,
				Base,
			);
			mainGroup = EAF33CC11BF8FF5E00A177B5;
			productRefGroup = EAF33CCB1BF8FF5E00A177B5 /* Products */;
			projectDirPath = "";
			projectRoot = "";
			targets = (
				EAF33CC91BF8FF5E00A177B5 /* C-Filterer */,
			);
		};
/* End PBXProject section */

/* Begin PBXResourcesBuildPhase section */
		EAF33CC81BF8FF5E00A177B5 /* Resources */ = {
			isa = PBXResourcesBuildPhase;
			buildActionMask = 2147483647;
			files = (
				EAF33CD81BF8FF5E00A177B5 /* LaunchScreen.storyboard in Resources */,
				EAF33CD51BF8FF5E00A177B5 /* Assets.xcassets in Resources */,
				EAF33CD31BF8FF5E00A177B5 /* Main.storyboard in Resources */,
			);
			runOnlyForDeploymentPostprocessing = 0;
		};
/* End PBXResourcesBuildPhase section */

/* Begin PBXSourcesBuildPhase section */
		EAF33CC61BF8FF5E00A177B5 /* Sources */ = {
			isa = PBXSourcesBuildPhase;
			buildActionMask = 2147483647;
			files = (
				EAF33CD01BF8FF5E00A177B5 /* ViewController.swift in Sources */,
				EAF33CE01BF9079500A177B5 /* RGBAImage.swift in Sources */,
				EAF33CCE1BF8FF5E00A177B5 /* AppDelegate.swift in Sources */,
			);
			runOnlyForDeploymentPostprocessing = 0;
		};
/* End PBXSourcesBuildPhase section */

/* Begin PBXVariantGroup section */
		EAF33CD11BF8FF5E00A177B5 /* Main.storyboard */ = {
			isa = PBXVariantGroup;
			children = (
				EAF33CD21BF8FF5E00A177B5 /* Base */,
			);
			name = Main.storyboard;
			sourceTree = "<group>";
		};
		EAF33CD61BF8FF5E00A177B5 /* LaunchScreen.storyboard */ = {
			isa = PBXVariantGroup;
			children = (
				EAF33CD71BF8FF5E00A177B5 /* Base */,
			);
			name = LaunchScreen.storyboard;
			sourceTree = "<group>";
		};
/* End PBXVariantGroup section */

/* Begin XCBuildConfiguration section */
		EAF33CDA1BF8FF5E00A177B5 /* Debug */ = {
			isa = XCBuildConfiguration;
			buildSettings = {
				ALWAYS_SEARCH_USER_PATHS = NO;
				CLANG_CXX_LANGUAGE_STANDARD = "gnu++0x";
				CLANG_CXX_LIBRARY = "libc++";
				CLANG_ENABLE_MODULES = YES;
				CLANG_ENABLE_OBJC_ARC = YES;
				CLANG_WARN_BOOL_CONVERSION = YES;
				CLANG_WARN_CONSTANT_CONVERSION = YES;
				CLANG_WARN_DIRECT_OBJC_ISA_USAGE = YES_ERROR;
				CLANG_WARN_EMPTY_BODY = YES;
				CLANG_WARN_ENUM_CONVERSION = YES;
				CLANG_WARN_INT_CONVERSION = YES;
				CLANG_WARN_OBJC_ROOT_CLASS = YES_ERROR;
				CLANG_WARN_UNREACHABLE_CODE = YES;
				CLANG_WARN__DUPLICATE_METHOD_MATCH = YES;
				"CODE_SIGN_IDENTITY[sdk=iphoneos*]" = "iPhone Developer";
				COPY_PHASE_STRIP = NO;
				DEBUG_INFORMATION_FORMAT = dwarf;
				ENABLE_STRICT_OBJC_MSGSEND = YES;
				ENABLE_TESTABILITY = YES;
				GCC_C_LANGUAGE_STANDARD = gnu99;
				GCC_DYNAMIC_NO_PIC = NO;
				GCC_NO_COMMON_BLOCKS = YES;
				GCC_OPTIMIZATION_LEVEL = 0;
				GCC_PREPROCESSOR_DEFINITIONS = (
					"DEBUG=1",
					"$(inherited)",
				);
				GCC_WARN_64_TO_32_BIT_CONVERSION = YES;
				GCC_WARN_ABOUT_RETURN_TYPE = YES_ERROR;
				GCC_WARN_UNDECLARED_SELECTOR = YES;
				GCC_WARN_UNINITIALIZED_AUTOS = YES_AGGRESSIVE;
				GCC_WARN_UNUSED_FUNCTION = YES;
				GCC_WARN_UNUSED_VARIABLE = YES;
				IPHONEOS_DEPLOYMENT_TARGET = 9.1;
				MTL_ENABLE_DEBUG_INFO = YES;
				ONLY_ACTIVE_ARCH = YES;
				SDKROOT = iphoneos;
				SWIFT_OPTIMIZATION_LEVEL = "-Onone";
				TARGETED_DEVICE_FAMILY = "1,2";
			};
			name = Debug;
		};
		EAF33CDB1BF8FF5E00A177B5 /* Release */ = {
			isa = XCBuildConfiguration;
			buildSettings = {
				ALWAYS_SEARCH_USER_PATHS = NO;
				CLANG_CXX_LANGUAGE_STANDARD = "gnu++0x";
				CLANG_CXX_LIBRARY = "libc++";
				CLANG_ENABLE_MODULES = YES;
				CLANG_ENABLE_OBJC_ARC = YES;
				CLANG_WARN_BOOL_CONVERSION = YES;
				CLANG_WARN_CONSTANT_CONVERSION = YES;
				CLANG_WARN_DIRECT_OBJC_ISA_USAGE = YES_ERROR;
				CLANG_WARN_EMPTY_BODY = YES;
				CLANG_WARN_ENUM_CONVERSION = YES;
				CLANG_WARN_INT_CONVERSION = YES;
				CLANG_WARN_OBJC_ROOT_CLASS = YES_ERROR;
				CLANG_WARN_UNREACHABLE_CODE = YES;
				CLANG_WARN__DUPLICATE_METHOD_MATCH = YES;
				"CODE_SIGN_IDENTITY[sdk=iphoneos*]" = "iPhone Developer";
				COPY_PHASE_STRIP = NO;
				DEBUG_INFORMATION_FORMAT = "dwarf-with-dsym";
				ENABLE_NS_ASSERTIONS = NO;
				ENABLE_STRICT_OBJC_MSGSEND = YES;
				GCC_C_LANGUAGE_STANDARD = gnu99;
				GCC_NO_COMMON_BLOCKS = YES;
				GCC_WARN_64_TO_32_BIT_CONVERSION = YES;
				GCC_WARN_ABOUT_RETURN_TYPE = YES_ERROR;
				GCC_WARN_UNDECLARED_SELECTOR = YES;
				GCC_WARN_UNINITIALIZED_AUTOS = YES_AGGRESSIVE;
				GCC_WARN_UNUSED_FUNCTION = YES;
				GCC_WARN_UNUSED_VARIABLE = YES;
				IPHONEOS_DEPLOYMENT_TARGET = 9.1;
				MTL_ENABLE_DEBUG_INFO = NO;
				SDKROOT = iphoneos;
				TARGETED_DEVICE_FAMILY = "1,2";
				VALIDATE_PRODUCT = YES;
			};
			name = Release;
		};
		EAF33CDD1BF8FF5E00A177B5 /* Debug */ = {
			isa = XCBuildConfiguration;
			buildSettings = {
				ASSETCATALOG_COMPILER_APPICON_NAME = AppIcon;
				CODE_SIGN_IDENTITY = "iPhone Developer";
				INFOPLIST_FILE = "C-Filterer/Info.plist";
				LD_RUNPATH_SEARCH_PATHS = "$(inherited) @executable_path/Frameworks";
				PRODUCT_BUNDLE_IDENTIFIER = "com.kwan.C-Filterer";
				PRODUCT_NAME = "$(TARGET_NAME)";
			};
			name = Debug;
		};
		EAF33CDE1BF8FF5E00A177B5 /* Release */ = {
			isa = XCBuildConfiguration;
			buildSettings = {
				ASSETCATALOG_COMPILER_APPICON_NAME = AppIcon;
				CODE_SIGN_IDENTITY = "iPhone Developer";
				INFOPLIST_FILE = "C-Filterer/Info.plist";
				LD_RUNPATH_SEARCH_PATHS = "$(inherited) @executable_path/Frameworks";
				PRODUCT_BUNDLE_IDENTIFIER = "com.kwan.C-Filterer";
				PRODUCT_NAME = "$(TARGET_NAME)";
			};
			name = Release;
		};
/* End XCBuildConfiguration section */

/* Begin XCConfigurationList section */
		EAF33CC51BF8FF5E00A177B5 /* Build configuration list for PBXProject "C-Filterer" */ = {
			isa = XCConfigurationList;
			buildConfigurations = (
				EAF33CDA1BF8FF5E00A177B5 /* Debug */,
				EAF33CDB1BF8FF5E00A177B5 /* Release */,
			);
			defaultConfigurationIsVisible = 0;
			defaultConfigurationName = Release;
		};
		EAF33CDC1BF8FF5E00A177B5 /* Build configuration list for PBXNativeTarget "C-Filterer" */ = {
			isa = XCConfigurationList;
			buildConfigurations = (
				EAF33CDD1BF8FF5E00A177B5 /* Debug */,
				EAF33CDE1BF8FF5E00A177B5 /* Release */,
			);
			defaultConfigurationIsVisible = 0;
			defaultConfigurationName = Release;
		};
/* End XCConfigurationList section */
	};
	rootObject = EAF33CC21BF8FF5E00A177B5 /* Project object */;
}
