// !$*UTF8*$!
{
	archiveVersion = 1;
	classes = {
	};
	objectVersion = 46;
	objects = {

/* Begin PBXBuildFile section */
		EA953EC61BE702DF0094D454 /* AppDelegate.swift in Sources */ = {isa = PBXBuildFile; fileRef = EA953EC51BE702DF0094D454 /* AppDelegate.swift */; };
		EA953EC81BE702DF0094D454 /* ViewController.swift in Sources */ = {isa = PBXBuildFile; fileRef = EA953EC71BE702DF0094D454 /* ViewController.swift */; };
		EA953ECB1BE702DF0094D454 /* Main.storyboard in Resources */ = {isa = PBXBuildFile; fileRef = EA953EC91BE702DF0094D454 /* Main.storyboard */; };
		EA953ECD1BE702DF0094D454 /* Assets.xcassets in Resources */ = {isa = PBXBuildFile; fileRef = EA953ECC1BE702DF0094D454 /* Assets.xcassets */; };
		EA953ED01BE702DF0094D454 /* LaunchScreen.storyboard in Resources */ = {isa = PBXBuildFile; fileRef = EA953ECE1BE702DF0094D454 /* LaunchScreen.storyboard */; };
		EA953EDA1BE7033D0094D454 /* UTCity.m in Sources */ = {isa = PBXBuildFile; fileRef = EA953ED91BE7033D0094D454 /* UTCity.m */; };
		EA953EDC1BE703840094D454 /* City.swift in Sources */ = {isa = PBXBuildFile; fileRef = EA953EDB1BE703840094D454 /* City.swift */; };
/* End PBXBuildFile section */

/* Begin PBXFileReference section */
		EA953EC21BE702DF0094D454 /* Swift&ObjectiveC.app */ = {isa = PBXFileReference; explicitFileType = wrapper.application; includeInIndex = 0; path = "Swift&ObjectiveC.app"; sourceTree = BUILT_PRODUCTS_DIR; };
		EA953EC51BE702DF0094D454 /* AppDelegate.swift */ = {isa = PBXFileReference; lastKnownFileType = sourcecode.swift; path = AppDelegate.swift; sourceTree = "<group>"; };
		EA953EC71BE702DF0094D454 /* ViewController.swift */ = {isa = PBXFileReference; lastKnownFileType = sourcecode.swift; path = ViewController.swift; sourceTree = "<group>"; };
		EA953ECA1BE702DF0094D454 /* Base */ = {isa = PBXFileReference; lastKnownFileType = file.storyboard; name = Base; path = Base.lproj/Main.storyboard; sourceTree = "<group>"; };
		EA953ECC1BE702DF0094D454 /* Assets.xcassets */ = {isa = PBXFileReference; lastKnownFileType = folder.assetcatalog; path = Assets.xcassets; sourceTree = "<group>"; };
		EA953ECF1BE702DF0094D454 /* Base */ = {isa = PBXFileReference; lastKnownFileType = file.storyboard; name = Base; path = Base.lproj/LaunchScreen.storyboard; sourceTree = "<group>"; };
		EA953ED11BE702DF0094D454 /* Info.plist */ = {isa = PBXFileReference; lastKnownFileType = text.plist.xml; path = Info.plist; sourceTree = "<group>"; };
		EA953ED71BE7033D0094D454 /* Swift&ObjectiveC-Bridging-Header.h */ = {isa = PBXFileReference; lastKnownFileType = sourcecode.c.h; path = "Swift&ObjectiveC-Bridging-Header.h"; sourceTree = "<group>"; };
		EA953ED81BE7033D0094D454 /* UTCity.h */ = {isa = PBXFileReference; fileEncoding = 4; lastKnownFileType = sourcecode.c.h; path = UTCity.h; sourceTree = "<group>"; };
		EA953ED91BE7033D0094D454 /* UTCity.m */ = {isa = PBXFileReference; fileEncoding = 4; lastKnownFileType = sourcecode.c.objc; path = UTCity.m; sourceTree = "<group>"; };
		EA953EDB1BE703840094D454 /* City.swift */ = {isa = PBXFileReference; fileEncoding = 4; lastKnownFileType = sourcecode.swift; path = City.swift; sourceTree = "<group>"; };
/* End PBXFileReference section */

/* Begin PBXFrameworksBuildPhase section */
		EA953EBF1BE702DF0094D454 /* Frameworks */ = {
			isa = PBXFrameworksBuildPhase;
			buildActionMask = 2147483647;
			files = (
			);
			runOnlyForDeploymentPostprocessing = 0;
		};
/* End PBXFrameworksBuildPhase section */

/* Begin PBXGroup section */
		EA953EB91BE702DF0094D454 = {
			isa = PBXGroup;
			children = (
				EA953EC41BE702DF0094D454 /* Swift&ObjectiveC */,
				EA953EC31BE702DF0094D454 /* Products */,
			);
			sourceTree = "<group>";
		};
		EA953EC31BE702DF0094D454 /* Products */ = {
			isa = PBXGroup;
			children = (
				EA953EC21BE702DF0094D454 /* Swift&ObjectiveC.app */,
			);
			name = Products;
			sourceTree = "<group>";
		};
		EA953EC41BE702DF0094D454 /* Swift&ObjectiveC */ = {
			isa = PBXGroup;
			children = (
				EA953EC51BE702DF0094D454 /* AppDelegate.swift */,
				EA953EC71BE702DF0094D454 /* ViewController.swift */,
				EA953ED81BE7033D0094D454 /* UTCity.h */,
				EA953ED91BE7033D0094D454 /* UTCity.m */,
				EA953EDB1BE703840094D454 /* City.swift */,
				EA953EC91BE702DF0094D454 /* Main.storyboard */,
				EA953ECC1BE702DF0094D454 /* Assets.xcassets */,
				EA953ECE1BE702DF0094D454 /* LaunchScreen.storyboard */,
				EA953ED11BE702DF0094D454 /* Info.plist */,
				EA953ED71BE7033D0094D454 /* Swift&ObjectiveC-Bridging-Header.h */,
			);
			path = "Swift&ObjectiveC";
			sourceTree = "<group>";
		};
/* End PBXGroup section */

/* Begin PBXNativeTarget section */
		EA953EC11BE702DF0094D454 /* Swift&ObjectiveC */ = {
			isa = PBXNativeTarget;
			buildConfigurationList = EA953ED41BE702DF0094D454 /* Build configuration list for PBXNativeTarget "Swift&ObjectiveC" */;
			buildPhases = (
				EA953EBE1BE702DF0094D454 /* Sources */,
				EA953EBF1BE702DF0094D454 /* Frameworks */,
				EA953EC01BE702DF0094D454 /* Resources */,
			);
			buildRules = (
			);
			dependencies = (
			);
			name = "Swift&ObjectiveC";
			productName = "Swift&ObjectiveC";
			productReference = EA953EC21BE702DF0094D454 /* Swift&ObjectiveC.app */;
			productType = "com.apple.product-type.application";
		};
/* End PBXNativeTarget section */

/* Begin PBXProject section */
		EA953EBA1BE702DF0094D454 /* Project object */ = {
			isa = PBXProject;
			attributes = {
				LastSwiftUpdateCheck = 0710;
				LastUpgradeCheck = 0710;
				ORGANIZATIONNAME = Kwan;
				TargetAttributes = {
					EA953EC11BE702DF0094D454 = {
						CreatedOnToolsVersion = 7.1;
					};
				};
			};
			buildConfigurationList = EA953EBD1BE702DF0094D454 /* Build configuration list for PBXProject "Swift&ObjectiveC" */;
			compatibilityVersion = "Xcode 3.2";
			developmentRegion = English;
			hasScannedForEncodings = 0;
			knownRegions = (
				en,
				Base,
			);
			mainGroup = EA953EB91BE702DF0094D454;
			productRefGroup = EA953EC31BE702DF0094D454 /* Products */;
			projectDirPath = "";
			projectRoot = "";
			targets = (
				EA953EC11BE702DF0094D454 /* Swift&ObjectiveC */,
			);
		};
/* End PBXProject section */

/* Begin PBXResourcesBuildPhase section */
		EA953EC01BE702DF0094D454 /* Resources */ = {
			isa = PBXResourcesBuildPhase;
			buildActionMask = 2147483647;
			files = (
				EA953ED01BE702DF0094D454 /* LaunchScreen.storyboard in Resources */,
				EA953ECD1BE702DF0094D454 /* Assets.xcassets in Resources */,
				EA953ECB1BE702DF0094D454 /* Main.storyboard in Resources */,
			);
			runOnlyForDeploymentPostprocessing = 0;
		};
/* End PBXResourcesBuildPhase section */

/* Begin PBXSourcesBuildPhase section */
		EA953EBE1BE702DF0094D454 /* Sources */ = {
			isa = PBXSourcesBuildPhase;
			buildActionMask = 2147483647;
			files = (
				EA953EDA1BE7033D0094D454 /* UTCity.m in Sources */,
				EA953EC81BE702DF0094D454 /* ViewController.swift in Sources */,
				EA953EDC1BE703840094D454 /* City.swift in Sources */,
				EA953EC61BE702DF0094D454 /* AppDelegate.swift in Sources */,
			);
			runOnlyForDeploymentPostprocessing = 0;
		};
/* End PBXSourcesBuildPhase section */

/* Begin PBXVariantGroup section */
		EA953EC91BE702DF0094D454 /* Main.storyboard */ = {
			isa = PBXVariantGroup;
			children = (
				EA953ECA1BE702DF0094D454 /* Base */,
			);
			name = Main.storyboard;
			sourceTree = "<group>";
		};
		EA953ECE1BE702DF0094D454 /* LaunchScreen.storyboard */ = {
			isa = PBXVariantGroup;
			children = (
				EA953ECF1BE702DF0094D454 /* Base */,
			);
			name = LaunchScreen.storyboard;
			sourceTree = "<group>";
		};
/* End PBXVariantGroup section */

/* Begin XCBuildConfiguration section */
		EA953ED21BE702DF0094D454 /* Debug */ = {
			isa = XCBuildConfiguration;
			buildSettings = {
				ALWAYS_SEARCH_USER_PATHS = NO;
				CLANG_CXX_LANGUAGE_STANDARD = "gnu++0x";
				CLANG_CXX_LIBRARY = "libc++";
				CLANG_ENABLE_MODULES = YES;
				CLANG_ENABLE_OBJC_ARC = YES;
				CLANG_WARN_BOOL_CONVERSION = YES;
				CLANG_WARN_CONSTANT_CONVERSION = YES;
				CLANG_WARN_DIRECT_OBJC_ISA_USAGE = YES_ERROR;
				CLANG_WARN_EMPTY_BODY = YES;
				CLANG_WARN_ENUM_CONVERSION = YES;
				CLANG_WARN_INT_CONVERSION = YES;
				CLANG_WARN_OBJC_ROOT_CLASS = YES_ERROR;
				CLANG_WARN_UNREACHABLE_CODE = YES;
				CLANG_WARN__DUPLICATE_METHOD_MATCH = YES;
				"CODE_SIGN_IDENTITY[sdk=iphoneos*]" = "iPhone Developer";
				COPY_PHASE_STRIP = NO;
				DEBUG_INFORMATION_FORMAT = dwarf;
				ENABLE_STRICT_OBJC_MSGSEND = YES;
				ENABLE_TESTABILITY = YES;
				GCC_C_LANGUAGE_STANDARD = gnu99;
				GCC_DYNAMIC_NO_PIC = NO;
				GCC_NO_COMMON_BLOCKS = YES;
				GCC_OPTIMIZATION_LEVEL = 0;
				GCC_PREPROCESSOR_DEFINITIONS = (
					"DEBUG=1",
					"$(inherited)",
				);
				GCC_WARN_64_TO_32_BIT_CONVERSION = YES;
				GCC_WARN_ABOUT_RETURN_TYPE = YES_ERROR;
				GCC_WARN_UNDECLARED_SELECTOR = YES;
				GCC_WARN_UNINITIALIZED_AUTOS = YES_AGGRESSIVE;
				GCC_WARN_UNUSED_FUNCTION = YES;
				GCC_WARN_UNUSED_VARIABLE = YES;
				IPHONEOS_DEPLOYMENT_TARGET = 9.1;
				MTL_ENABLE_DEBUG_INFO = YES;
				ONLY_ACTIVE_ARCH = YES;
				SDKROOT = iphoneos;
				SWIFT_OPTIMIZATION_LEVEL = "-Onone";
				TARGETED_DEVICE_FAMILY = "1,2";
			};
			name = Debug;
		};
		EA953ED31BE702DF0094D454 /* Release */ = {
			isa = XCBuildConfiguration;
			buildSettings = {
				ALWAYS_SEARCH_USER_PATHS = NO;
				CLANG_CXX_LANGUAGE_STANDARD = "gnu++0x";
				CLANG_CXX_LIBRARY = "libc++";
				CLANG_ENABLE_MODULES = YES;
				CLANG_ENABLE_OBJC_ARC = YES;
				CLANG_WARN_BOOL_CONVERSION = YES;
				CLANG_WARN_CONSTANT_CONVERSION = YES;
				CLANG_WARN_DIRECT_OBJC_ISA_USAGE = YES_ERROR;
				CLANG_WARN_EMPTY_BODY = YES;
				CLANG_WARN_ENUM_CONVERSION = YES;
				CLANG_WARN_INT_CONVERSION = YES;
				CLANG_WARN_OBJC_ROOT_CLASS = YES_ERROR;
				CLANG_WARN_UNREACHABLE_CODE = YES;
				CLANG_WARN__DUPLICATE_METHOD_MATCH = YES;
				"CODE_SIGN_IDENTITY[sdk=iphoneos*]" = "iPhone Developer";
				COPY_PHASE_STRIP = NO;
				DEBUG_INFORMATION_FORMAT = "dwarf-with-dsym";
				ENABLE_NS_ASSERTIONS = NO;
				ENABLE_STRICT_OBJC_MSGSEND = YES;
				GCC_C_LANGUAGE_STANDARD = gnu99;
				GCC_NO_COMMON_BLOCKS = YES;
				GCC_WARN_64_TO_32_BIT_CONVERSION = YES;
				GCC_WARN_ABOUT_RETURN_TYPE = YES_ERROR;
				GCC_WARN_UNDECLARED_SELECTOR = YES;
				GCC_WARN_UNINITIALIZED_AUTOS = YES_AGGRESSIVE;
				GCC_WARN_UNUSED_FUNCTION = YES;
				GCC_WARN_UNUSED_VARIABLE = YES;
				IPHONEOS_DEPLOYMENT_TARGET = 9.1;
				MTL_ENABLE_DEBUG_INFO = NO;
				SDKROOT = iphoneos;
				TARGETED_DEVICE_FAMILY = "1,2";
				VALIDATE_PRODUCT = YES;
			};
			name = Release;
		};
		EA953ED51BE702DF0094D454 /* Debug */ = {
			isa = XCBuildConfiguration;
			buildSettings = {
				ASSETCATALOG_COMPILER_APPICON_NAME = AppIcon;
				CLANG_ENABLE_MODULES = YES;
				INFOPLIST_FILE = "Swift&ObjectiveC/Info.plist";
				LD_RUNPATH_SEARCH_PATHS = "$(inherited) @executable_path/Frameworks";
				PRODUCT_BUNDLE_IDENTIFIER = "com.kwan.Swift-ObjectiveC";
				PRODUCT_NAME = "$(TARGET_NAME)";
				SWIFT_OBJC_BRIDGING_HEADER = "Swift&ObjectiveC/Swift&ObjectiveC-Bridging-Header.h";
				SWIFT_OPTIMIZATION_LEVEL = "-Onone";
			};
			name = Debug;
		};
		EA953ED61BE702DF0094D454 /* Release */ = {
			isa = XCBuildConfiguration;
			buildSettings = {
				ASSETCATALOG_COMPILER_APPICON_NAME = AppIcon;
				CLANG_ENABLE_MODULES = YES;
				INFOPLIST_FILE = "Swift&ObjectiveC/Info.plist";
				LD_RUNPATH_SEARCH_PATHS = "$(inherited) @executable_path/Frameworks";
				PRODUCT_BUNDLE_IDENTIFIER = "com.kwan.Swift-ObjectiveC";
				PRODUCT_NAME = "$(TARGET_NAME)";
				SWIFT_OBJC_BRIDGING_HEADER = "Swift&ObjectiveC/Swift&ObjectiveC-Bridging-Header.h";
			};
			name = Release;
		};
/* End XCBuildConfiguration section */

/* Begin XCConfigurationList section */
		EA953EBD1BE702DF0094D454 /* Build configuration list for PBXProject "Swift&ObjectiveC" */ = {
			isa = XCConfigurationList;
			buildConfigurations = (
				EA953ED21BE702DF0094D454 /* Debug */,
				EA953ED31BE702DF0094D454 /* Release */,
			);
			defaultConfigurationIsVisible = 0;
			defaultConfigurationName = Release;
		};
		EA953ED41BE702DF0094D454 /* Build configuration list for PBXNativeTarget "Swift&ObjectiveC" */ = {
			isa = XCConfigurationList;
			buildConfigurations = (
				EA953ED51BE702DF0094D454 /* Debug */,
				EA953ED61BE702DF0094D454 /* Release */,
			);
			defaultConfigurationIsVisible = 0;
		};
/* End XCConfigurationList section */
	};
	rootObject = EA953EBA1BE702DF0094D454 /* Project object */;
}
